
Microsoft Visual Studio Solution File, Format Version 12.00
# Visual Studio 15
VisualStudioVersion = 15.0.27413.0
MinimumVisualStudioVersion = 10.0.40219.1
Project("{FAE04EC0-301F-11D3-BF4B-00C04F79EFBC}") = "TurkAppService", "TurkAppService\TurkAppService.csproj", "{0E94EF2A-8ECF-4BD3-8167-EA88A4DD8768}"
EndProject
Global
	GlobalSection(SolutionConfigurationPlatforms) = preSolution
		Debug|Any CPU = Debug|Any CPU
		Release|Any CPU = Release|Any CPU
	EndGlobalSection
	GlobalSection(ProjectConfigurationPlatforms) = postSolution
		{0E94EF2A-8ECF-4BD3-8167-EA88A4DD8768}.Debug|Any CPU.ActiveCfg = Debug|Any CPU
		{0E94EF2A-8ECF-4BD3-8167-EA88A4DD8768}.Debug|Any CPU.Build.0 = Debug|Any CPU
		{0E94EF2A-8ECF-4BD3-8167-EA88A4DD8768}.Release|Any CPU.ActiveCfg = Release|Any CPU
		{0E94EF2A-8ECF-4BD3-8167-EA88A4DD8768}.Release|Any CPU.Build.0 = Release|Any CPU
	EndGlobalSection
	GlobalSection(SolutionProperties) = preSolution
		HideSolutionNode = FALSE
	EndGlobalSection
	GlobalSection(ExtensibilityGlobals) = postSolution
		SolutionGuid = {C729EE56-EFD2-4E5D-B44A-17F7F8CEE334}
	EndGlobalSection
EndGlobal
